
Microsoft Visual Studio Solution File, Format Version 12.00
# Visual Studio 15
VisualStudioVersion = 15.0.27703.2000
MinimumVisualStudioVersion = 10.0.40219.1
Project("{9A19103F-16F7-4668-BE54-9A1E7A4F7556}") = "problem01IwillBackIn30Minutes", "Conditional Statements and Loops\problem01IwillBackIn30Minutes.csproj", "{19AEF861-D954-4891-8D7D-351D8F6B3DE7}"
EndProject
Project("{9A19103F-16F7-4668-BE54-9A1E7A4F7556}") = "Problem 5. Foreign Languages", "Problem 5. Foreign Languages\Problem 5. Foreign Languages.csproj", "{5D88E632-0F33-4E9A-B032-A5294AFE930A}"
EndProject
Project("{9A19103F-16F7-4668-BE54-9A1E7A4F7556}") = "Problem 6. Theatre Promotions", "Problem 6. Theatre Promotions\Problem 6. Theatre Promotions.csproj", "{4977C959-3BF6-4C04-ADBE-2014E6D9D0C7}"
EndProject
Project("{FAE04EC0-301F-11D3-BF4B-00C04F79EFBC}") = "Problem 8. Sum of Odd Numbers", "Problem 8. Sum of Odd Numbers\Problem 8. Sum of Odd Numbers.csproj", "{9848A860-CCF4-4A2A-900E-DF6C802A3057}"
EndProject
Project("{FAE04EC0-301F-11D3-BF4B-00C04F79EFBC}") = "Problem 9. Multiplication Table", "Problem 9. Multiplication Table\Problem 9. Multiplication Table.csproj", "{47AED947-6828-4F8F-9074-F15DA593B1A0}"
EndProject
Project("{FAE04EC0-301F-11D3-BF4B-00C04F79EFBC}") = "Problem 1. Passed", "Problem 1. Passed\Problem 1. Passed.csproj", "{BF7F9A4D-0811-4E74-A993-EC8B07F2D699}"
EndProject
Project("{FAE04EC0-301F-11D3-BF4B-00C04F79EFBC}") = "Problem 2. Passed or Failed", "Problem 2. Passed or Failed\Problem 2. Passed or Failed.csproj", "{0B753761-3A6F-402C-B0E8-39FD0BEE9724}"
EndProject
Project("{FAE04EC0-301F-11D3-BF4B-00C04F79EFBC}") = "Problem 4. Month Printer", "Problem 4. Month Printer\Problem 4. Month Printer.csproj", "{02C515D9-9FF4-4CF9-B4B2-5F8F4DB4559E}"
EndProject
Project("{FAE04EC0-301F-11D3-BF4B-00C04F79EFBC}") = "Problem 7. Divisible by 3", "Problem 7. Divisible by 3\Problem 7. Divisible by 3.csproj", "{966ED8FC-7E62-4A32-B40B-6E9EB445A73B}"
EndProject
Project("{FAE04EC0-301F-11D3-BF4B-00C04F79EFBC}") = "Problem 10. Multiplication Table 2.0", "Problem 10. Multiplication Table 2.0\Problem 10. Multiplication Table 2.0.csproj", "{EACA9E71-EC4C-4D26-ABDE-04A89B7A033C}"
EndProject
Project("{FAE04EC0-301F-11D3-BF4B-00C04F79EFBC}") = "Problem 11. Odd Number", "Problem 11. Odd Number\Problem 11. Odd Number.csproj", "{BFC5FC59-0C3D-4CEC-A646-A44DF28F8883}"
EndProject
Global
	GlobalSection(SolutionConfigurationPlatforms) = preSolution
		Debug|Any CPU = Debug|Any CPU
		Release|Any CPU = Release|Any CPU
	EndGlobalSection
	GlobalSection(ProjectConfigurationPlatforms) = postSolution
		{19AEF861-D954-4891-8D7D-351D8F6B3DE7}.Debug|Any CPU.ActiveCfg = Debug|Any CPU
		{19AEF861-D954-4891-8D7D-351D8F6B3DE7}.Debug|Any CPU.Build.0 = Debug|Any CPU
		{19AEF861-D954-4891-8D7D-351D8F6B3DE7}.Release|Any CPU.ActiveCfg = Release|Any CPU
		{19AEF861-D954-4891-8D7D-351D8F6B3DE7}.Release|Any CPU.Build.0 = Release|Any CPU
		{5D88E632-0F33-4E9A-B032-A5294AFE930A}.Debug|Any CPU.ActiveCfg = Debug|Any CPU
		{5D88E632-0F33-4E9A-B032-A5294AFE930A}.Debug|Any CPU.Build.0 = Debug|Any CPU
		{5D88E632-0F33-4E9A-B032-A5294AFE930A}.Release|Any CPU.ActiveCfg = Release|Any CPU
		{5D88E632-0F33-4E9A-B032-A5294AFE930A}.Release|Any CPU.Build.0 = Release|Any CPU
		{4977C959-3BF6-4C04-ADBE-2014E6D9D0C7}.Debug|Any CPU.ActiveCfg = Debug|Any CPU
		{4977C959-3BF6-4C04-ADBE-2014E6D9D0C7}.Debug|Any CPU.Build.0 = Debug|Any CPU
		{4977C959-3BF6-4C04-ADBE-2014E6D9D0C7}.Release|Any CPU.ActiveCfg = Release|Any CPU
		{4977C959-3BF6-4C04-ADBE-2014E6D9D0C7}.Release|Any CPU.Build.0 = Release|Any CPU
		{9848A860-CCF4-4A2A-900E-DF6C802A3057}.Debug|Any CPU.ActiveCfg = Debug|Any CPU
		{9848A860-CCF4-4A2A-900E-DF6C802A3057}.Debug|Any CPU.Build.0 = Debug|Any CPU
		{9848A860-CCF4-4A2A-900E-DF6C802A3057}.Release|Any CPU.ActiveCfg = Release|Any CPU
		{9848A860-CCF4-4A2A-900E-DF6C802A3057}.Release|Any CPU.Build.0 = Release|Any CPU
		{47AED947-6828-4F8F-9074-F15DA593B1A0}.Debug|Any CPU.ActiveCfg = Debug|Any CPU
		{47AED947-6828-4F8F-9074-F15DA593B1A0}.Debug|Any CPU.Build.0 = Debug|Any CPU
		{47AED947-6828-4F8F-9074-F15DA593B1A0}.Release|Any CPU.ActiveCfg = Release|Any CPU
		{47AED947-6828-4F8F-9074-F15DA593B1A0}.Release|Any CPU.Build.0 = Release|Any CPU
		{BF7F9A4D-0811-4E74-A993-EC8B07F2D699}.Debug|Any CPU.ActiveCfg = Debug|Any CPU
		{BF7F9A4D-0811-4E74-A993-EC8B07F2D699}.Debug|Any CPU.Build.0 = Debug|Any CPU
		{BF7F9A4D-0811-4E74-A993-EC8B07F2D699}.Release|Any CPU.ActiveCfg = Release|Any CPU
		{BF7F9A4D-0811-4E74-A993-EC8B07F2D699}.Release|Any CPU.Build.0 = Release|Any CPU
		{0B753761-3A6F-402C-B0E8-39FD0BEE9724}.Debug|Any CPU.ActiveCfg = Debug|Any CPU
		{0B753761-3A6F-402C-B0E8-39FD0BEE9724}.Debug|Any CPU.Build.0 = Debug|Any CPU
		{0B753761-3A6F-402C-B0E8-39FD0BEE9724}.Release|Any CPU.ActiveCfg = Release|Any CPU
		{0B753761-3A6F-402C-B0E8-39FD0BEE9724}.Release|Any CPU.Build.0 = Release|Any CPU
		{02C515D9-9FF4-4CF9-B4B2-5F8F4DB4559E}.Debug|Any CPU.ActiveCfg = Debug|Any CPU
		{02C515D9-9FF4-4CF9-B4B2-5F8F4DB4559E}.Debug|Any CPU.Build.0 = Debug|Any CPU
		{02C515D9-9FF4-4CF9-B4B2-5F8F4DB4559E}.Release|Any CPU.ActiveCfg = Release|Any CPU
		{02C515D9-9FF4-4CF9-B4B2-5F8F4DB4559E}.Release|Any CPU.Build.0 = Release|Any CPU
		{966ED8FC-7E62-4A32-B40B-6E9EB445A73B}.Debug|Any CPU.ActiveCfg = Debug|Any CPU
		{966ED8FC-7E62-4A32-B40B-6E9EB445A73B}.Debug|Any CPU.Build.0 = Debug|Any CPU
		{966ED8FC-7E62-4A32-B40B-6E9EB445A73B}.Release|Any CPU.ActiveCfg = Release|Any CPU
		{966ED8FC-7E62-4A32-B40B-6E9EB445A73B}.Release|Any CPU.Build.0 = Release|Any CPU
		{EACA9E71-EC4C-4D26-ABDE-04A89B7A033C}.Debug|Any CPU.ActiveCfg = Debug|Any CPU
		{EACA9E71-EC4C-4D26-ABDE-04A89B7A033C}.Debug|Any CPU.Build.0 = Debug|Any CPU
		{EACA9E71-EC4C-4D26-ABDE-04A89B7A033C}.Release|Any CPU.ActiveCfg = Release|Any CPU
		{EACA9E71-EC4C-4D26-ABDE-04A89B7A033C}.Release|Any CPU.Build.0 = Release|Any CPU
		{BFC5FC59-0C3D-4CEC-A646-A44DF28F8883}.Debug|Any CPU.ActiveCfg = Debug|Any CPU
		{BFC5FC59-0C3D-4CEC-A646-A44DF28F8883}.Debug|Any CPU.Build.0 = Debug|Any CPU
		{BFC5FC59-0C3D-4CEC-A646-A44DF28F8883}.Release|Any CPU.ActiveCfg = Release|Any CPU
		{BFC5FC59-0C3D-4CEC-A646-A44DF28F8883}.Release|Any CPU.Build.0 = Release|Any CPU
	EndGlobalSection
	GlobalSection(SolutionProperties) = preSolution
		HideSolutionNode = FALSE
	EndGlobalSection
	GlobalSection(ExtensibilityGlobals) = postSolution
		SolutionGuid = {F4D61800-5BCE-4CA3-9F43-FF021008D575}
	EndGlobalSection
EndGlobal
