
Microsoft Visual Studio Solution File, Format Version 12.00
# Visual Studio 15
VisualStudioVersion = 15.0.27703.2018
MinimumVisualStudioVersion = 10.0.40219.1
Project("{9A19103F-16F7-4668-BE54-9A1E7A4F7556}") = "01. Hello, Name!", "06.Methods.DebuggingExercises\01. Hello, Name!.csproj", "{81726BFF-50D0-4CC7-9C16-D0067068A644}"
EndProject
Project("{9A19103F-16F7-4668-BE54-9A1E7A4F7556}") = "02. Max Method", "02. Max Method\02. Max Method.csproj", "{0EC56AC3-9A05-4211-BA3D-B939B7BF5B5A}"
EndProject
Project("{9A19103F-16F7-4668-BE54-9A1E7A4F7556}") = "03. English Name of Last Digit", "03. English Name of Last Digit\03. English Name of Last Digit.csproj", "{3CE32ACB-3F10-4ECF-A3F2-2D1D6888C623}"
EndProject
Project("{9A19103F-16F7-4668-BE54-9A1E7A4F7556}") = "04. Numbers in Reversed Order", "04. Numbers in Reversed Order\04. Numbers in Reversed Order.csproj", "{CFB662C5-5F16-46AE-8672-42EC71ED372B}"
EndProject
Project("{9A19103F-16F7-4668-BE54-9A1E7A4F7556}") = "05. Fibonacci Numbers", "05. Fibonacci Numbers\05. Fibonacci Numbers.csproj", "{165C2EAB-37AC-4490-B89B-7407543B601B}"
EndProject
Project("{9A19103F-16F7-4668-BE54-9A1E7A4F7556}") = "06. Prime Checker", "06. Prime Checker\06. Prime Checker.csproj", "{F11276FE-252B-4F8B-AC7D-99055A050333}"
EndProject
Project("{9A19103F-16F7-4668-BE54-9A1E7A4F7556}") = "08. Center Point", "08. Center Point\08. Center Point.csproj", "{67950146-6EBB-4D93-B97A-7EF546BD348D}"
EndProject
Project("{9A19103F-16F7-4668-BE54-9A1E7A4F7556}") = "09. Longer Line", "09. Longer Line\09. Longer Line.csproj", "{F8EFBFEA-A5C4-4C4C-97F8-A78F8B3FEBBA}"
EndProject
Project("{FAE04EC0-301F-11D3-BF4B-00C04F79EFBC}") = "10. Cube Properties", "10. Cube Properties\10. Cube Properties.csproj", "{391B446B-8A06-4D7B-B2BF-4FCA287E6D08}"
EndProject
Project("{FAE04EC0-301F-11D3-BF4B-00C04F79EFBC}") = "12. Master Number", "12. Master Number\12. Master Number.csproj", "{814D634F-0FE6-4C3C-B473-68636555BB7F}"
EndProject
Project("{FAE04EC0-301F-11D3-BF4B-00C04F79EFBC}") = "14. Factorial Trailing Zeroes", "14. Factorial Trailing Zeroes\14. Factorial Trailing Zeroes.csproj", "{0DA03B8A-2236-4EBC-A496-F850A4692506}"
EndProject
Project("{FAE04EC0-301F-11D3-BF4B-00C04F79EFBC}") = "13. Factorial", "13. Factorial\13. Factorial.csproj", "{A9A2D052-FD2F-4E8F-AA03-ED8B62CB4E86}"
EndProject
Global
	GlobalSection(SolutionConfigurationPlatforms) = preSolution
		Debug|Any CPU = Debug|Any CPU
		Release|Any CPU = Release|Any CPU
	EndGlobalSection
	GlobalSection(ProjectConfigurationPlatforms) = postSolution
		{81726BFF-50D0-4CC7-9C16-D0067068A644}.Debug|Any CPU.ActiveCfg = Debug|Any CPU
		{81726BFF-50D0-4CC7-9C16-D0067068A644}.Debug|Any CPU.Build.0 = Debug|Any CPU
		{81726BFF-50D0-4CC7-9C16-D0067068A644}.Release|Any CPU.ActiveCfg = Release|Any CPU
		{81726BFF-50D0-4CC7-9C16-D0067068A644}.Release|Any CPU.Build.0 = Release|Any CPU
		{0EC56AC3-9A05-4211-BA3D-B939B7BF5B5A}.Debug|Any CPU.ActiveCfg = Debug|Any CPU
		{0EC56AC3-9A05-4211-BA3D-B939B7BF5B5A}.Debug|Any CPU.Build.0 = Debug|Any CPU
		{0EC56AC3-9A05-4211-BA3D-B939B7BF5B5A}.Release|Any CPU.ActiveCfg = Release|Any CPU
		{0EC56AC3-9A05-4211-BA3D-B939B7BF5B5A}.Release|Any CPU.Build.0 = Release|Any CPU
		{3CE32ACB-3F10-4ECF-A3F2-2D1D6888C623}.Debug|Any CPU.ActiveCfg = Debug|Any CPU
		{3CE32ACB-3F10-4ECF-A3F2-2D1D6888C623}.Debug|Any CPU.Build.0 = Debug|Any CPU
		{3CE32ACB-3F10-4ECF-A3F2-2D1D6888C623}.Release|Any CPU.ActiveCfg = Release|Any CPU
		{3CE32ACB-3F10-4ECF-A3F2-2D1D6888C623}.Release|Any CPU.Build.0 = Release|Any CPU
		{CFB662C5-5F16-46AE-8672-42EC71ED372B}.Debug|Any CPU.ActiveCfg = Debug|Any CPU
		{CFB662C5-5F16-46AE-8672-42EC71ED372B}.Debug|Any CPU.Build.0 = Debug|Any CPU
		{CFB662C5-5F16-46AE-8672-42EC71ED372B}.Release|Any CPU.ActiveCfg = Release|Any CPU
		{CFB662C5-5F16-46AE-8672-42EC71ED372B}.Release|Any CPU.Build.0 = Release|Any CPU
		{165C2EAB-37AC-4490-B89B-7407543B601B}.Debug|Any CPU.ActiveCfg = Debug|Any CPU
		{165C2EAB-37AC-4490-B89B-7407543B601B}.Debug|Any CPU.Build.0 = Debug|Any CPU
		{165C2EAB-37AC-4490-B89B-7407543B601B}.Release|Any CPU.ActiveCfg = Release|Any CPU
		{165C2EAB-37AC-4490-B89B-7407543B601B}.Release|Any CPU.Build.0 = Release|Any CPU
		{F11276FE-252B-4F8B-AC7D-99055A050333}.Debug|Any CPU.ActiveCfg = Debug|Any CPU
		{F11276FE-252B-4F8B-AC7D-99055A050333}.Debug|Any CPU.Build.0 = Debug|Any CPU
		{F11276FE-252B-4F8B-AC7D-99055A050333}.Release|Any CPU.ActiveCfg = Release|Any CPU
		{F11276FE-252B-4F8B-AC7D-99055A050333}.Release|Any CPU.Build.0 = Release|Any CPU
		{67950146-6EBB-4D93-B97A-7EF546BD348D}.Debug|Any CPU.ActiveCfg = Debug|Any CPU
		{67950146-6EBB-4D93-B97A-7EF546BD348D}.Debug|Any CPU.Build.0 = Debug|Any CPU
		{67950146-6EBB-4D93-B97A-7EF546BD348D}.Release|Any CPU.ActiveCfg = Release|Any CPU
		{67950146-6EBB-4D93-B97A-7EF546BD348D}.Release|Any CPU.Build.0 = Release|Any CPU
		{F8EFBFEA-A5C4-4C4C-97F8-A78F8B3FEBBA}.Debug|Any CPU.ActiveCfg = Debug|Any CPU
		{F8EFBFEA-A5C4-4C4C-97F8-A78F8B3FEBBA}.Debug|Any CPU.Build.0 = Debug|Any CPU
		{F8EFBFEA-A5C4-4C4C-97F8-A78F8B3FEBBA}.Release|Any CPU.ActiveCfg = Release|Any CPU
		{F8EFBFEA-A5C4-4C4C-97F8-A78F8B3FEBBA}.Release|Any CPU.Build.0 = Release|Any CPU
		{391B446B-8A06-4D7B-B2BF-4FCA287E6D08}.Debug|Any CPU.ActiveCfg = Debug|Any CPU
		{391B446B-8A06-4D7B-B2BF-4FCA287E6D08}.Debug|Any CPU.Build.0 = Debug|Any CPU
		{391B446B-8A06-4D7B-B2BF-4FCA287E6D08}.Release|Any CPU.ActiveCfg = Release|Any CPU
		{391B446B-8A06-4D7B-B2BF-4FCA287E6D08}.Release|Any CPU.Build.0 = Release|Any CPU
		{814D634F-0FE6-4C3C-B473-68636555BB7F}.Debug|Any CPU.ActiveCfg = Debug|Any CPU
		{814D634F-0FE6-4C3C-B473-68636555BB7F}.Debug|Any CPU.Build.0 = Debug|Any CPU
		{814D634F-0FE6-4C3C-B473-68636555BB7F}.Release|Any CPU.ActiveCfg = Release|Any CPU
		{814D634F-0FE6-4C3C-B473-68636555BB7F}.Release|Any CPU.Build.0 = Release|Any CPU
		{0DA03B8A-2236-4EBC-A496-F850A4692506}.Debug|Any CPU.ActiveCfg = Debug|Any CPU
		{0DA03B8A-2236-4EBC-A496-F850A4692506}.Debug|Any CPU.Build.0 = Debug|Any CPU
		{0DA03B8A-2236-4EBC-A496-F850A4692506}.Release|Any CPU.ActiveCfg = Release|Any CPU
		{0DA03B8A-2236-4EBC-A496-F850A4692506}.Release|Any CPU.Build.0 = Release|Any CPU
		{A9A2D052-FD2F-4E8F-AA03-ED8B62CB4E86}.Debug|Any CPU.ActiveCfg = Debug|Any CPU
		{A9A2D052-FD2F-4E8F-AA03-ED8B62CB4E86}.Debug|Any CPU.Build.0 = Debug|Any CPU
		{A9A2D052-FD2F-4E8F-AA03-ED8B62CB4E86}.Release|Any CPU.ActiveCfg = Release|Any CPU
		{A9A2D052-FD2F-4E8F-AA03-ED8B62CB4E86}.Release|Any CPU.Build.0 = Release|Any CPU
	EndGlobalSection
	GlobalSection(SolutionProperties) = preSolution
		HideSolutionNode = FALSE
	EndGlobalSection
	GlobalSection(ExtensibilityGlobals) = postSolution
		SolutionGuid = {57A3877E-136C-4C94-A898-85597D6D3B44}
	EndGlobalSection
EndGlobal
