
Microsoft Visual Studio Solution File, Format Version 12.00
# Visual Studio 15
VisualStudioVersion = 15.0.27703.2018
MinimumVisualStudioVersion = 10.0.40219.1
Project("{9A19103F-16F7-4668-BE54-9A1E7A4F7556}") = "01. Practice Integers", "05.Data Types and Variables - Exercises\01. Practice Integers.csproj", "{74A176AD-87EC-46A0-B35F-6EDA4EDD12B6}"
EndProject
Project("{9A19103F-16F7-4668-BE54-9A1E7A4F7556}") = "10. Centuries to Nanoseconds", "10. Centuries to Nanoseconds\10. Centuries to Nanoseconds.csproj", "{8A09D7AE-275A-4825-8F70-5DEA72EF3D38}"
EndProject
Project("{9A19103F-16F7-4668-BE54-9A1E7A4F7556}") = "04. Variable in Hex Format", "04. Variable in Hex Format\04. Variable in Hex Format.csproj", "{9F951AF8-484E-4A97-9545-89BE1C8938F3}"
EndProject
Project("{9A19103F-16F7-4668-BE54-9A1E7A4F7556}") = "05. Boolean Variable", "05. Boolean Variable\05. Boolean Variable.csproj", "{D274BB51-2754-46B2-8909-112A8C8B87E6}"
EndProject
Project("{FAE04EC0-301F-11D3-BF4B-00C04F79EFBC}") = "13. Vowel or Digit", "13. Vowel or Digit\13. Vowel or Digit.csproj", "{3E4F0660-67A0-4D0D-84EE-C2B9A53ACACF}"
EndProject
Project("{FAE04EC0-301F-11D3-BF4B-00C04F79EFBC}") = "17. Print Part Of ASCII Table", "17. Print Part Of ASCII Table\17. Print Part Of ASCII Table.csproj", "{0828226D-E88C-4884-8F09-B64BA0E7CB5E}"
EndProject
Project("{FAE04EC0-301F-11D3-BF4B-00C04F79EFBC}") = "12. Rectangle Properties", "12. Rectangle Properties\12. Rectangle Properties.csproj", "{88E289D2-BF8B-4A2F-AAB2-41547AB712EF}"
EndProject
Project("{FAE04EC0-301F-11D3-BF4B-00C04F79EFBC}") = "18. Different Integers Size", "18. Different Integers Size\18. Different Integers Size.csproj", "{346A613D-7AA3-4425-BCB2-F89B56F599EF}"
EndProject
Project("{FAE04EC0-301F-11D3-BF4B-00C04F79EFBC}") = "11. Convert Speed Units", "11. Convert Speed Units\11. Convert Speed Units.csproj", "{3091E2FA-3F84-46ED-958A-AA04A854DB5F}"
EndProject
Project("{FAE04EC0-301F-11D3-BF4B-00C04F79EFBC}") = "19. Thea The Photographer", "19. Thea The Photographer\19. Thea The Photographer.csproj", "{845E27E8-5478-437C-88BE-D31901A36D34}"
EndProject
Global
	GlobalSection(SolutionConfigurationPlatforms) = preSolution
		Debug|Any CPU = Debug|Any CPU
		Release|Any CPU = Release|Any CPU
	EndGlobalSection
	GlobalSection(ProjectConfigurationPlatforms) = postSolution
		{74A176AD-87EC-46A0-B35F-6EDA4EDD12B6}.Debug|Any CPU.ActiveCfg = Debug|Any CPU
		{74A176AD-87EC-46A0-B35F-6EDA4EDD12B6}.Debug|Any CPU.Build.0 = Debug|Any CPU
		{74A176AD-87EC-46A0-B35F-6EDA4EDD12B6}.Release|Any CPU.ActiveCfg = Release|Any CPU
		{74A176AD-87EC-46A0-B35F-6EDA4EDD12B6}.Release|Any CPU.Build.0 = Release|Any CPU
		{8A09D7AE-275A-4825-8F70-5DEA72EF3D38}.Debug|Any CPU.ActiveCfg = Debug|Any CPU
		{8A09D7AE-275A-4825-8F70-5DEA72EF3D38}.Debug|Any CPU.Build.0 = Debug|Any CPU
		{8A09D7AE-275A-4825-8F70-5DEA72EF3D38}.Release|Any CPU.ActiveCfg = Release|Any CPU
		{8A09D7AE-275A-4825-8F70-5DEA72EF3D38}.Release|Any CPU.Build.0 = Release|Any CPU
		{9F951AF8-484E-4A97-9545-89BE1C8938F3}.Debug|Any CPU.ActiveCfg = Debug|Any CPU
		{9F951AF8-484E-4A97-9545-89BE1C8938F3}.Debug|Any CPU.Build.0 = Debug|Any CPU
		{9F951AF8-484E-4A97-9545-89BE1C8938F3}.Release|Any CPU.ActiveCfg = Release|Any CPU
		{9F951AF8-484E-4A97-9545-89BE1C8938F3}.Release|Any CPU.Build.0 = Release|Any CPU
		{D274BB51-2754-46B2-8909-112A8C8B87E6}.Debug|Any CPU.ActiveCfg = Debug|Any CPU
		{D274BB51-2754-46B2-8909-112A8C8B87E6}.Debug|Any CPU.Build.0 = Debug|Any CPU
		{D274BB51-2754-46B2-8909-112A8C8B87E6}.Release|Any CPU.ActiveCfg = Release|Any CPU
		{D274BB51-2754-46B2-8909-112A8C8B87E6}.Release|Any CPU.Build.0 = Release|Any CPU
		{3E4F0660-67A0-4D0D-84EE-C2B9A53ACACF}.Debug|Any CPU.ActiveCfg = Debug|Any CPU
		{3E4F0660-67A0-4D0D-84EE-C2B9A53ACACF}.Debug|Any CPU.Build.0 = Debug|Any CPU
		{3E4F0660-67A0-4D0D-84EE-C2B9A53ACACF}.Release|Any CPU.ActiveCfg = Release|Any CPU
		{3E4F0660-67A0-4D0D-84EE-C2B9A53ACACF}.Release|Any CPU.Build.0 = Release|Any CPU
		{0828226D-E88C-4884-8F09-B64BA0E7CB5E}.Debug|Any CPU.ActiveCfg = Debug|Any CPU
		{0828226D-E88C-4884-8F09-B64BA0E7CB5E}.Debug|Any CPU.Build.0 = Debug|Any CPU
		{0828226D-E88C-4884-8F09-B64BA0E7CB5E}.Release|Any CPU.ActiveCfg = Release|Any CPU
		{0828226D-E88C-4884-8F09-B64BA0E7CB5E}.Release|Any CPU.Build.0 = Release|Any CPU
		{88E289D2-BF8B-4A2F-AAB2-41547AB712EF}.Debug|Any CPU.ActiveCfg = Debug|Any CPU
		{88E289D2-BF8B-4A2F-AAB2-41547AB712EF}.Debug|Any CPU.Build.0 = Debug|Any CPU
		{88E289D2-BF8B-4A2F-AAB2-41547AB712EF}.Release|Any CPU.ActiveCfg = Release|Any CPU
		{88E289D2-BF8B-4A2F-AAB2-41547AB712EF}.Release|Any CPU.Build.0 = Release|Any CPU
		{346A613D-7AA3-4425-BCB2-F89B56F599EF}.Debug|Any CPU.ActiveCfg = Debug|Any CPU
		{346A613D-7AA3-4425-BCB2-F89B56F599EF}.Debug|Any CPU.Build.0 = Debug|Any CPU
		{346A613D-7AA3-4425-BCB2-F89B56F599EF}.Release|Any CPU.ActiveCfg = Release|Any CPU
		{346A613D-7AA3-4425-BCB2-F89B56F599EF}.Release|Any CPU.Build.0 = Release|Any CPU
		{3091E2FA-3F84-46ED-958A-AA04A854DB5F}.Debug|Any CPU.ActiveCfg = Debug|Any CPU
		{3091E2FA-3F84-46ED-958A-AA04A854DB5F}.Debug|Any CPU.Build.0 = Debug|Any CPU
		{3091E2FA-3F84-46ED-958A-AA04A854DB5F}.Release|Any CPU.ActiveCfg = Release|Any CPU
		{3091E2FA-3F84-46ED-958A-AA04A854DB5F}.Release|Any CPU.Build.0 = Release|Any CPU
		{845E27E8-5478-437C-88BE-D31901A36D34}.Debug|Any CPU.ActiveCfg = Debug|Any CPU
		{845E27E8-5478-437C-88BE-D31901A36D34}.Debug|Any CPU.Build.0 = Debug|Any CPU
		{845E27E8-5478-437C-88BE-D31901A36D34}.Release|Any CPU.ActiveCfg = Release|Any CPU
		{845E27E8-5478-437C-88BE-D31901A36D34}.Release|Any CPU.Build.0 = Release|Any CPU
	EndGlobalSection
	GlobalSection(SolutionProperties) = preSolution
		HideSolutionNode = FALSE
	EndGlobalSection
	GlobalSection(ExtensibilityGlobals) = postSolution
		SolutionGuid = {F13A348A-3461-4753-A312-C8C890D1DF8D}
	EndGlobalSection
EndGlobal
