
Microsoft Visual Studio Solution File, Format Version 12.00
# Visual Studio 15
VisualStudioVersion = 15.0.27703.2018
MinimumVisualStudioVersion = 10.0.40219.1
Project("{9A19103F-16F7-4668-BE54-9A1E7A4F7556}") = "01. Day of Week", "07.1.Arrays Lab\01. Day of Week.csproj", "{B878569C-2D5B-47F8-BF46-089A6A7A167F}"
EndProject
Project("{9A19103F-16F7-4668-BE54-9A1E7A4F7556}") = "02. Reverse Array of Integers", "02. Reverse Array of Integers\02. Reverse Array of Integers.csproj", "{67AD42DB-3B40-486C-93D7-70B92DF31C44}"
EndProject
Project("{9A19103F-16F7-4668-BE54-9A1E7A4F7556}") = "03. Last K Numbers Sums", "03. Last K Numbers Sums\03. Last K Numbers Sums.csproj", "{FDB0222E-98A3-4916-870A-6B769FE2FB9D}"
EndProject
Project("{9A19103F-16F7-4668-BE54-9A1E7A4F7556}") = "04. Triple Sum", "04. Triple Sum\04. Triple Sum.csproj", "{FC9A8B05-1818-4E2A-9B33-EDA5E6F020C9}"
EndProject
Project("{9A19103F-16F7-4668-BE54-9A1E7A4F7556}") = "05. Rounding Numbers", "05. Rounding Numbers\05. Rounding Numbers.csproj", "{BDD824E1-56C4-45B2-B95C-C4D1BBD5F488}"
EndProject
Project("{9A19103F-16F7-4668-BE54-9A1E7A4F7556}") = "06. Reverse Array of Strings", "06. Reverse Array of Strings\06. Reverse Array of Strings.csproj", "{854E2D10-670B-4535-A797-FD46FAD9C5ED}"
EndProject
Project("{9A19103F-16F7-4668-BE54-9A1E7A4F7556}") = "07. Sum Arrays", "07. Sum Arrays\07. Sum Arrays.csproj", "{48F4FD07-2D82-413A-8A25-38582C2ACBDB}"
EndProject
Project("{9A19103F-16F7-4668-BE54-9A1E7A4F7556}") = "08. Condense Array to Number", "08. Condense Array to Number\08. Condense Array to Number.csproj", "{526FFA2D-B7B4-4216-B0A8-8C70402DCA12}"
EndProject
Project("{FAE04EC0-301F-11D3-BF4B-00C04F79EFBC}") = "09. Extract Middle Elements", "09. Extract Middle Elements\09. Extract Middle Elements.csproj", "{3E50AF62-8B96-4B44-85C4-EE308FA8C6A6}"
EndProject
Global
	GlobalSection(SolutionConfigurationPlatforms) = preSolution
		Debug|Any CPU = Debug|Any CPU
		Release|Any CPU = Release|Any CPU
	EndGlobalSection
	GlobalSection(ProjectConfigurationPlatforms) = postSolution
		{B878569C-2D5B-47F8-BF46-089A6A7A167F}.Debug|Any CPU.ActiveCfg = Debug|Any CPU
		{B878569C-2D5B-47F8-BF46-089A6A7A167F}.Debug|Any CPU.Build.0 = Debug|Any CPU
		{B878569C-2D5B-47F8-BF46-089A6A7A167F}.Release|Any CPU.ActiveCfg = Release|Any CPU
		{B878569C-2D5B-47F8-BF46-089A6A7A167F}.Release|Any CPU.Build.0 = Release|Any CPU
		{67AD42DB-3B40-486C-93D7-70B92DF31C44}.Debug|Any CPU.ActiveCfg = Debug|Any CPU
		{67AD42DB-3B40-486C-93D7-70B92DF31C44}.Debug|Any CPU.Build.0 = Debug|Any CPU
		{67AD42DB-3B40-486C-93D7-70B92DF31C44}.Release|Any CPU.ActiveCfg = Release|Any CPU
		{67AD42DB-3B40-486C-93D7-70B92DF31C44}.Release|Any CPU.Build.0 = Release|Any CPU
		{FDB0222E-98A3-4916-870A-6B769FE2FB9D}.Debug|Any CPU.ActiveCfg = Debug|Any CPU
		{FDB0222E-98A3-4916-870A-6B769FE2FB9D}.Debug|Any CPU.Build.0 = Debug|Any CPU
		{FDB0222E-98A3-4916-870A-6B769FE2FB9D}.Release|Any CPU.ActiveCfg = Release|Any CPU
		{FDB0222E-98A3-4916-870A-6B769FE2FB9D}.Release|Any CPU.Build.0 = Release|Any CPU
		{FC9A8B05-1818-4E2A-9B33-EDA5E6F020C9}.Debug|Any CPU.ActiveCfg = Debug|Any CPU
		{FC9A8B05-1818-4E2A-9B33-EDA5E6F020C9}.Debug|Any CPU.Build.0 = Debug|Any CPU
		{FC9A8B05-1818-4E2A-9B33-EDA5E6F020C9}.Release|Any CPU.ActiveCfg = Release|Any CPU
		{FC9A8B05-1818-4E2A-9B33-EDA5E6F020C9}.Release|Any CPU.Build.0 = Release|Any CPU
		{BDD824E1-56C4-45B2-B95C-C4D1BBD5F488}.Debug|Any CPU.ActiveCfg = Debug|Any CPU
		{BDD824E1-56C4-45B2-B95C-C4D1BBD5F488}.Debug|Any CPU.Build.0 = Debug|Any CPU
		{BDD824E1-56C4-45B2-B95C-C4D1BBD5F488}.Release|Any CPU.ActiveCfg = Release|Any CPU
		{BDD824E1-56C4-45B2-B95C-C4D1BBD5F488}.Release|Any CPU.Build.0 = Release|Any CPU
		{854E2D10-670B-4535-A797-FD46FAD9C5ED}.Debug|Any CPU.ActiveCfg = Debug|Any CPU
		{854E2D10-670B-4535-A797-FD46FAD9C5ED}.Debug|Any CPU.Build.0 = Debug|Any CPU
		{854E2D10-670B-4535-A797-FD46FAD9C5ED}.Release|Any CPU.ActiveCfg = Release|Any CPU
		{854E2D10-670B-4535-A797-FD46FAD9C5ED}.Release|Any CPU.Build.0 = Release|Any CPU
		{48F4FD07-2D82-413A-8A25-38582C2ACBDB}.Debug|Any CPU.ActiveCfg = Debug|Any CPU
		{48F4FD07-2D82-413A-8A25-38582C2ACBDB}.Debug|Any CPU.Build.0 = Debug|Any CPU
		{48F4FD07-2D82-413A-8A25-38582C2ACBDB}.Release|Any CPU.ActiveCfg = Release|Any CPU
		{48F4FD07-2D82-413A-8A25-38582C2ACBDB}.Release|Any CPU.Build.0 = Release|Any CPU
		{526FFA2D-B7B4-4216-B0A8-8C70402DCA12}.Debug|Any CPU.ActiveCfg = Debug|Any CPU
		{526FFA2D-B7B4-4216-B0A8-8C70402DCA12}.Debug|Any CPU.Build.0 = Debug|Any CPU
		{526FFA2D-B7B4-4216-B0A8-8C70402DCA12}.Release|Any CPU.ActiveCfg = Release|Any CPU
		{526FFA2D-B7B4-4216-B0A8-8C70402DCA12}.Release|Any CPU.Build.0 = Release|Any CPU
		{3E50AF62-8B96-4B44-85C4-EE308FA8C6A6}.Debug|Any CPU.ActiveCfg = Debug|Any CPU
		{3E50AF62-8B96-4B44-85C4-EE308FA8C6A6}.Debug|Any CPU.Build.0 = Debug|Any CPU
		{3E50AF62-8B96-4B44-85C4-EE308FA8C6A6}.Release|Any CPU.ActiveCfg = Release|Any CPU
		{3E50AF62-8B96-4B44-85C4-EE308FA8C6A6}.Release|Any CPU.Build.0 = Release|Any CPU
	EndGlobalSection
	GlobalSection(SolutionProperties) = preSolution
		HideSolutionNode = FALSE
	EndGlobalSection
	GlobalSection(ExtensibilityGlobals) = postSolution
		SolutionGuid = {48860F0A-A228-47D1-8F92-2C2FB245B413}
	EndGlobalSection
EndGlobal
