
Microsoft Visual Studio Solution File, Format Version 12.00
# Visual Studio 15
VisualStudioVersion = 15.0.27703.2018
MinimumVisualStudioVersion = 10.0.40219.1
Project("{9A19103F-16F7-4668-BE54-9A1E7A4F7556}") = "01.LargestCommonEnd", "07.Arrays - Exercises\01.LargestCommonEnd.csproj", "{B31F78E8-AB9E-46BD-8B8B-8952848C744E}"
EndProject
Project("{9A19103F-16F7-4668-BE54-9A1E7A4F7556}") = "02. Rotate and Sum", "02. Rotate and Sum\02. Rotate and Sum.csproj", "{76E6ECB0-5807-44D7-8014-6C05D31034B0}"
EndProject
Project("{9A19103F-16F7-4668-BE54-9A1E7A4F7556}") = "03. Fold and Sum", "03. Fold and Sum\03. Fold and Sum.csproj", "{1D55B06F-8C32-4FB8-BC63-D35A4C91D085}"
EndProject
Project("{9A19103F-16F7-4668-BE54-9A1E7A4F7556}") = "04. Sieve of Eratosthenes", "04. Sieve of Eratosthenes\04. Sieve of Eratosthenes.csproj", "{9C02DED7-1317-4AC1-9F2E-C7AC72D810EA}"
EndProject
Project("{9A19103F-16F7-4668-BE54-9A1E7A4F7556}") = "07. Max Sequence of Increasing Elements", "07. Max Sequence of Increasing Elements\07. Max Sequence of Increasing Elements.csproj", "{C6EB0049-8DB3-41A6-AD5D-E3F629688871}"
EndProject
Project("{9A19103F-16F7-4668-BE54-9A1E7A4F7556}") = "06. Max Sequence of Equal Elements", "06. Max Sequence of Equal Elements\06. Max Sequence of Equal Elements.csproj", "{521F8607-08FD-41EC-B4ED-CEAFC6715AD7}"
EndProject
Project("{9A19103F-16F7-4668-BE54-9A1E7A4F7556}") = "05. Compare Char Arrays", "05. Compare Char Arrays\05. Compare Char Arrays.csproj", "{C8B8804B-04A6-4CB8-ADC3-DE52F2384C02}"
EndProject
Project("{9A19103F-16F7-4668-BE54-9A1E7A4F7556}") = "08. Most Frequent Number", "08. Most Frequent Number\08. Most Frequent Number.csproj", "{F4A94B4C-5DD8-4E06-B872-BF8C3A791C04}"
EndProject
Project("{9A19103F-16F7-4668-BE54-9A1E7A4F7556}") = "09. Index of Letters", "09. Index of Letters\09. Index of Letters.csproj", "{9B7E9BEB-7571-43C1-A815-7288BAFC3732}"
EndProject
Project("{FAE04EC0-301F-11D3-BF4B-00C04F79EFBC}") = "10. Pairs by Difference", "10. Pairs by Difference\10. Pairs by Difference.csproj", "{3A720CBA-23AC-41FB-A7D2-A98F5159A260}"
EndProject
Project("{FAE04EC0-301F-11D3-BF4B-00C04F79EFBC}") = "11. Equal Sums", "11. Equal Sums\11. Equal Sums.csproj", "{A6FCC085-3D69-4BDE-9142-4E0E0AEE2E51}"
EndProject
Global
	GlobalSection(SolutionConfigurationPlatforms) = preSolution
		Debug|Any CPU = Debug|Any CPU
		Release|Any CPU = Release|Any CPU
	EndGlobalSection
	GlobalSection(ProjectConfigurationPlatforms) = postSolution
		{B31F78E8-AB9E-46BD-8B8B-8952848C744E}.Debug|Any CPU.ActiveCfg = Debug|Any CPU
		{B31F78E8-AB9E-46BD-8B8B-8952848C744E}.Debug|Any CPU.Build.0 = Debug|Any CPU
		{B31F78E8-AB9E-46BD-8B8B-8952848C744E}.Release|Any CPU.ActiveCfg = Release|Any CPU
		{B31F78E8-AB9E-46BD-8B8B-8952848C744E}.Release|Any CPU.Build.0 = Release|Any CPU
		{76E6ECB0-5807-44D7-8014-6C05D31034B0}.Debug|Any CPU.ActiveCfg = Debug|Any CPU
		{76E6ECB0-5807-44D7-8014-6C05D31034B0}.Debug|Any CPU.Build.0 = Debug|Any CPU
		{76E6ECB0-5807-44D7-8014-6C05D31034B0}.Release|Any CPU.ActiveCfg = Release|Any CPU
		{76E6ECB0-5807-44D7-8014-6C05D31034B0}.Release|Any CPU.Build.0 = Release|Any CPU
		{1D55B06F-8C32-4FB8-BC63-D35A4C91D085}.Debug|Any CPU.ActiveCfg = Debug|Any CPU
		{1D55B06F-8C32-4FB8-BC63-D35A4C91D085}.Debug|Any CPU.Build.0 = Debug|Any CPU
		{1D55B06F-8C32-4FB8-BC63-D35A4C91D085}.Release|Any CPU.ActiveCfg = Release|Any CPU
		{1D55B06F-8C32-4FB8-BC63-D35A4C91D085}.Release|Any CPU.Build.0 = Release|Any CPU
		{9C02DED7-1317-4AC1-9F2E-C7AC72D810EA}.Debug|Any CPU.ActiveCfg = Debug|Any CPU
		{9C02DED7-1317-4AC1-9F2E-C7AC72D810EA}.Debug|Any CPU.Build.0 = Debug|Any CPU
		{9C02DED7-1317-4AC1-9F2E-C7AC72D810EA}.Release|Any CPU.ActiveCfg = Release|Any CPU
		{9C02DED7-1317-4AC1-9F2E-C7AC72D810EA}.Release|Any CPU.Build.0 = Release|Any CPU
		{C6EB0049-8DB3-41A6-AD5D-E3F629688871}.Debug|Any CPU.ActiveCfg = Debug|Any CPU
		{C6EB0049-8DB3-41A6-AD5D-E3F629688871}.Debug|Any CPU.Build.0 = Debug|Any CPU
		{C6EB0049-8DB3-41A6-AD5D-E3F629688871}.Release|Any CPU.ActiveCfg = Release|Any CPU
		{C6EB0049-8DB3-41A6-AD5D-E3F629688871}.Release|Any CPU.Build.0 = Release|Any CPU
		{521F8607-08FD-41EC-B4ED-CEAFC6715AD7}.Debug|Any CPU.ActiveCfg = Debug|Any CPU
		{521F8607-08FD-41EC-B4ED-CEAFC6715AD7}.Debug|Any CPU.Build.0 = Debug|Any CPU
		{521F8607-08FD-41EC-B4ED-CEAFC6715AD7}.Release|Any CPU.ActiveCfg = Release|Any CPU
		{521F8607-08FD-41EC-B4ED-CEAFC6715AD7}.Release|Any CPU.Build.0 = Release|Any CPU
		{C8B8804B-04A6-4CB8-ADC3-DE52F2384C02}.Debug|Any CPU.ActiveCfg = Debug|Any CPU
		{C8B8804B-04A6-4CB8-ADC3-DE52F2384C02}.Debug|Any CPU.Build.0 = Debug|Any CPU
		{C8B8804B-04A6-4CB8-ADC3-DE52F2384C02}.Release|Any CPU.ActiveCfg = Release|Any CPU
		{C8B8804B-04A6-4CB8-ADC3-DE52F2384C02}.Release|Any CPU.Build.0 = Release|Any CPU
		{F4A94B4C-5DD8-4E06-B872-BF8C3A791C04}.Debug|Any CPU.ActiveCfg = Debug|Any CPU
		{F4A94B4C-5DD8-4E06-B872-BF8C3A791C04}.Debug|Any CPU.Build.0 = Debug|Any CPU
		{F4A94B4C-5DD8-4E06-B872-BF8C3A791C04}.Release|Any CPU.ActiveCfg = Release|Any CPU
		{F4A94B4C-5DD8-4E06-B872-BF8C3A791C04}.Release|Any CPU.Build.0 = Release|Any CPU
		{9B7E9BEB-7571-43C1-A815-7288BAFC3732}.Debug|Any CPU.ActiveCfg = Debug|Any CPU
		{9B7E9BEB-7571-43C1-A815-7288BAFC3732}.Debug|Any CPU.Build.0 = Debug|Any CPU
		{9B7E9BEB-7571-43C1-A815-7288BAFC3732}.Release|Any CPU.ActiveCfg = Release|Any CPU
		{9B7E9BEB-7571-43C1-A815-7288BAFC3732}.Release|Any CPU.Build.0 = Release|Any CPU
		{3A720CBA-23AC-41FB-A7D2-A98F5159A260}.Debug|Any CPU.ActiveCfg = Debug|Any CPU
		{3A720CBA-23AC-41FB-A7D2-A98F5159A260}.Debug|Any CPU.Build.0 = Debug|Any CPU
		{3A720CBA-23AC-41FB-A7D2-A98F5159A260}.Release|Any CPU.ActiveCfg = Release|Any CPU
		{3A720CBA-23AC-41FB-A7D2-A98F5159A260}.Release|Any CPU.Build.0 = Release|Any CPU
		{A6FCC085-3D69-4BDE-9142-4E0E0AEE2E51}.Debug|Any CPU.ActiveCfg = Debug|Any CPU
		{A6FCC085-3D69-4BDE-9142-4E0E0AEE2E51}.Debug|Any CPU.Build.0 = Debug|Any CPU
		{A6FCC085-3D69-4BDE-9142-4E0E0AEE2E51}.Release|Any CPU.ActiveCfg = Release|Any CPU
		{A6FCC085-3D69-4BDE-9142-4E0E0AEE2E51}.Release|Any CPU.Build.0 = Release|Any CPU
	EndGlobalSection
	GlobalSection(SolutionProperties) = preSolution
		HideSolutionNode = FALSE
	EndGlobalSection
	GlobalSection(ExtensibilityGlobals) = postSolution
		SolutionGuid = {FDAA2880-93A2-4B00-B432-807390030124}
	EndGlobalSection
EndGlobal
