
Microsoft Visual Studio Solution File, Format Version 12.00
# Visual Studio 15
VisualStudioVersion = 15.0.27703.2000
MinimumVisualStudioVersion = 10.0.40219.1
Project("{9A19103F-16F7-4668-BE54-9A1E7A4F7556}") = "problem01Greeting", "BasicSyntax\problem01Greeting.csproj", "{48FD7055-5B21-4523-A1FF-EB9D7B1B6BC1}"
EndProject
Project("{9A19103F-16F7-4668-BE54-9A1E7A4F7556}") = "problem02Add2Numbers", "problem02Add2Numbers\problem02Add2Numbers.csproj", "{304F683C-C5BF-4509-A864-DC4CA74585B4}"
EndProject
Project("{9A19103F-16F7-4668-BE54-9A1E7A4F7556}") = "problem03EmployeeData", "problem03EmployeeData\problem03EmployeeData.csproj", "{98758F43-FCB3-4C34-A5BD-A69232F05E38}"
EndProject
Project("{9A19103F-16F7-4668-BE54-9A1E7A4F7556}") = "ReactangleArea", "ReactangleArea\ReactangleArea.csproj", "{EA163E5B-01EB-4559-82AB-EB9E0577383D}"
EndProject
Project("{9A19103F-16F7-4668-BE54-9A1E7A4F7556}") = "MilesToKilometers", "MilesToKilometers\MilesToKilometers.csproj", "{5158000A-ADEF-4EA1-A018-68466F93CD10}"
EndProject
Project("{9A19103F-16F7-4668-BE54-9A1E7A4F7556}") = "BeverageLabels", "BeverageLabels\BeverageLabels.csproj", "{6D73FA07-BCED-478F-B6AD-10D6DAC36A6E}"
EndProject
Project("{9A19103F-16F7-4668-BE54-9A1E7A4F7556}") = "Debit Card Number", "Debit Card Number\Debit Card Number.csproj", "{AF6FC1E5-F868-442B-9C00-77214B63ADA4}"
EndProject
Project("{FAE04EC0-301F-11D3-BF4B-00C04F79EFBC}") = "Character stats", "Character stats\Character stats.csproj", "{D400C622-06BB-411E-B25C-0EA093890127}"
EndProject
Global
	GlobalSection(SolutionConfigurationPlatforms) = preSolution
		Debug|Any CPU = Debug|Any CPU
		Release|Any CPU = Release|Any CPU
	EndGlobalSection
	GlobalSection(ProjectConfigurationPlatforms) = postSolution
		{48FD7055-5B21-4523-A1FF-EB9D7B1B6BC1}.Debug|Any CPU.ActiveCfg = Debug|Any CPU
		{48FD7055-5B21-4523-A1FF-EB9D7B1B6BC1}.Debug|Any CPU.Build.0 = Debug|Any CPU
		{48FD7055-5B21-4523-A1FF-EB9D7B1B6BC1}.Release|Any CPU.ActiveCfg = Release|Any CPU
		{48FD7055-5B21-4523-A1FF-EB9D7B1B6BC1}.Release|Any CPU.Build.0 = Release|Any CPU
		{304F683C-C5BF-4509-A864-DC4CA74585B4}.Debug|Any CPU.ActiveCfg = Debug|Any CPU
		{304F683C-C5BF-4509-A864-DC4CA74585B4}.Debug|Any CPU.Build.0 = Debug|Any CPU
		{304F683C-C5BF-4509-A864-DC4CA74585B4}.Release|Any CPU.ActiveCfg = Release|Any CPU
		{304F683C-C5BF-4509-A864-DC4CA74585B4}.Release|Any CPU.Build.0 = Release|Any CPU
		{98758F43-FCB3-4C34-A5BD-A69232F05E38}.Debug|Any CPU.ActiveCfg = Debug|Any CPU
		{98758F43-FCB3-4C34-A5BD-A69232F05E38}.Debug|Any CPU.Build.0 = Debug|Any CPU
		{98758F43-FCB3-4C34-A5BD-A69232F05E38}.Release|Any CPU.ActiveCfg = Release|Any CPU
		{98758F43-FCB3-4C34-A5BD-A69232F05E38}.Release|Any CPU.Build.0 = Release|Any CPU
		{EA163E5B-01EB-4559-82AB-EB9E0577383D}.Debug|Any CPU.ActiveCfg = Debug|Any CPU
		{EA163E5B-01EB-4559-82AB-EB9E0577383D}.Debug|Any CPU.Build.0 = Debug|Any CPU
		{EA163E5B-01EB-4559-82AB-EB9E0577383D}.Release|Any CPU.ActiveCfg = Release|Any CPU
		{EA163E5B-01EB-4559-82AB-EB9E0577383D}.Release|Any CPU.Build.0 = Release|Any CPU
		{5158000A-ADEF-4EA1-A018-68466F93CD10}.Debug|Any CPU.ActiveCfg = Debug|Any CPU
		{5158000A-ADEF-4EA1-A018-68466F93CD10}.Debug|Any CPU.Build.0 = Debug|Any CPU
		{5158000A-ADEF-4EA1-A018-68466F93CD10}.Release|Any CPU.ActiveCfg = Release|Any CPU
		{5158000A-ADEF-4EA1-A018-68466F93CD10}.Release|Any CPU.Build.0 = Release|Any CPU
		{6D73FA07-BCED-478F-B6AD-10D6DAC36A6E}.Debug|Any CPU.ActiveCfg = Debug|Any CPU
		{6D73FA07-BCED-478F-B6AD-10D6DAC36A6E}.Debug|Any CPU.Build.0 = Debug|Any CPU
		{6D73FA07-BCED-478F-B6AD-10D6DAC36A6E}.Release|Any CPU.ActiveCfg = Release|Any CPU
		{6D73FA07-BCED-478F-B6AD-10D6DAC36A6E}.Release|Any CPU.Build.0 = Release|Any CPU
		{AF6FC1E5-F868-442B-9C00-77214B63ADA4}.Debug|Any CPU.ActiveCfg = Debug|Any CPU
		{AF6FC1E5-F868-442B-9C00-77214B63ADA4}.Debug|Any CPU.Build.0 = Debug|Any CPU
		{AF6FC1E5-F868-442B-9C00-77214B63ADA4}.Release|Any CPU.ActiveCfg = Release|Any CPU
		{AF6FC1E5-F868-442B-9C00-77214B63ADA4}.Release|Any CPU.Build.0 = Release|Any CPU
		{D400C622-06BB-411E-B25C-0EA093890127}.Debug|Any CPU.ActiveCfg = Debug|Any CPU
		{D400C622-06BB-411E-B25C-0EA093890127}.Debug|Any CPU.Build.0 = Debug|Any CPU
		{D400C622-06BB-411E-B25C-0EA093890127}.Release|Any CPU.ActiveCfg = Release|Any CPU
		{D400C622-06BB-411E-B25C-0EA093890127}.Release|Any CPU.Build.0 = Release|Any CPU
	EndGlobalSection
	GlobalSection(SolutionProperties) = preSolution
		HideSolutionNode = FALSE
	EndGlobalSection
	GlobalSection(ExtensibilityGlobals) = postSolution
		SolutionGuid = {A8A17207-FE0F-450A-82E8-F78F64F70676}
	EndGlobalSection
EndGlobal
